
Microsoft Visual Studio Solution File, Format Version 12.00
# Visual Studio 15
VisualStudioVersion = 15.0.27130.2010
MinimumVisualStudioVersion = 10.0.40219.1
Project("{FAE04EC0-301F-11D3-BF4B-00C04F79EFBC}") = "AulaModel", "AulaModelo\AulaModel.csproj", "{9AF9FF7F-5587-49C5-81D0-8835528CC09E}"
EndProject
Project("{FAE04EC0-301F-11D3-BF4B-00C04F79EFBC}") = "AulaModelo.Modelo", "AulaModelo.Modelo\AulaModelo.Modelo.csproj", "{7E7EE5C1-A5D8-45E0-AFAF-F575F87C070F}"
EndProject
Global
	GlobalSection(SolutionConfigurationPlatforms) = preSolution
		Debug|Any CPU = Debug|Any CPU
		Release|Any CPU = Release|Any CPU
	EndGlobalSection
	GlobalSection(ProjectConfigurationPlatforms) = postSolution
		{9AF9FF7F-5587-49C5-81D0-8835528CC09E}.Debug|Any CPU.ActiveCfg = Debug|Any CPU
		{9AF9FF7F-5587-49C5-81D0-8835528CC09E}.Debug|Any CPU.Build.0 = Debug|Any CPU
		{9AF9FF7F-5587-49C5-81D0-8835528CC09E}.Release|Any CPU.ActiveCfg = Release|Any CPU
		{9AF9FF7F-5587-49C5-81D0-8835528CC09E}.Release|Any CPU.Build.0 = Release|Any CPU
		{7E7EE5C1-A5D8-45E0-AFAF-F575F87C070F}.Debug|Any CPU.ActiveCfg = Debug|Any CPU
		{7E7EE5C1-A5D8-45E0-AFAF-F575F87C070F}.Debug|Any CPU.Build.0 = Debug|Any CPU
		{7E7EE5C1-A5D8-45E0-AFAF-F575F87C070F}.Release|Any CPU.ActiveCfg = Release|Any CPU
		{7E7EE5C1-A5D8-45E0-AFAF-F575F87C070F}.Release|Any CPU.Build.0 = Release|Any CPU
	EndGlobalSection
	GlobalSection(SolutionProperties) = preSolution
		HideSolutionNode = FALSE
	EndGlobalSection
	GlobalSection(ExtensibilityGlobals) = postSolution
		SolutionGuid = {29E552D2-85CD-4212-8CF9-A12FFAE0F69D}
	EndGlobalSection
EndGlobal
